// !$*UTF8*$!
{
	archiveVersion = 1;
	classes = {
	};
	objectVersion = 56;
	objects = {

/* Begin PBXBuildFile section */
		A119016E2AD06AA400AF6FDD /* RecipeApp.swift in Sources */ = {isa = PBXBuildFile; fileRef = A119016D2AD06AA400AF6FDD /* RecipeApp.swift */; };
		A11901702AD06AA400AF6FDD /* ContentView.swift in Sources */ = {isa = PBXBuildFile; fileRef = A119016F2AD06AA400AF6FDD /* ContentView.swift */; };
		A11901722AD06AA400AF6FDD /* Assets.xcassets in Resources */ = {isa = PBXBuildFile; fileRef = A11901712AD06AA400AF6FDD /* Assets.xcassets */; };
		A11901762AD06AA400AF6FDD /* Preview Assets.xcassets in Resources */ = {isa = PBXBuildFile; fileRef = A11901752AD06AA400AF6FDD /* Preview Assets.xcassets */; };
		A11901802AD06AA500AF6FDD /* RecipeTests.swift in Sources */ = {isa = PBXBuildFile; fileRef = A119017F2AD06AA500AF6FDD /* RecipeTests.swift */; };
		A119019E2AD072C200AF6FDD /* RecipeService.swift in Sources */ = {isa = PBXBuildFile; fileRef = A119019D2AD072C200AF6FDD /* RecipeService.swift */; };
		A11901A02AD0732700AF6FDD /* RecipesModel.swift in Sources */ = {isa = PBXBuildFile; fileRef = A119019F2AD0732700AF6FDD /* RecipesModel.swift */; };
		A11901A32AD0742D00AF6FDD /* EdamamService.swift in Sources */ = {isa = PBXBuildFile; fileRef = A11901A22AD0742D00AF6FDD /* EdamamService.swift */; };
		A11901A52AD0760100AF6FDD /* EdamamServiceMock.swift in Sources */ = {isa = PBXBuildFile; fileRef = A11901A42AD0760100AF6FDD /* EdamamServiceMock.swift */; };
		A15CECE02AD0793B003E9DAD /* EdamamServiceTest.swift in Sources */ = {isa = PBXBuildFile; fileRef = A15CECDF2AD0793B003E9DAD /* EdamamServiceTest.swift */; };
		A15CECE32AD07D60003E9DAD /* RecipeListView.swift in Sources */ = {isa = PBXBuildFile; fileRef = A15CECE22AD07D60003E9DAD /* RecipeListView.swift */; };
		A15CECE52AD07D8C003E9DAD /* RecipeListViewModel.swift in Sources */ = {isa = PBXBuildFile; fileRef = A15CECE42AD07D8C003E9DAD /* RecipeListViewModel.swift */; };
		A179D01E2AD082A8008F876A /* MockData.json in Resources */ = {isa = PBXBuildFile; fileRef = A179D01D2AD082A8008F876A /* MockData.json */; };
		A179D0212AD0890F008F876A /* Defaults in Frameworks */ = {isa = PBXBuildFile; productRef = A179D0202AD0890F008F876A /* Defaults */; };
		A179D0242AD08959008F876A /* Defaults+Keys.swift in Sources */ = {isa = PBXBuildFile; fileRef = A179D0232AD08959008F876A /* Defaults+Keys.swift */; };
		A179D0262AD08D09008F876A /* RecipeCell.swift in Sources */ = {isa = PBXBuildFile; fileRef = A179D0252AD08D09008F876A /* RecipeCell.swift */; };
		A179D0292AD08DC3008F876A /* Kingfisher in Frameworks */ = {isa = PBXBuildFile; productRef = A179D0282AD08DC3008F876A /* Kingfisher */; };
		A179D02D2AD093D4008F876A /* netfox in Frameworks */ = {isa = PBXBuildFile; productRef = A179D02C2AD093D4008F876A /* netfox */; };
		A179D02F2AD09FBD008F876A /* RecipeModelMock.swift in Sources */ = {isa = PBXBuildFile; fileRef = A179D02E2AD09FBD008F876A /* RecipeModelMock.swift */; };
/* End PBXBuildFile section */

/* Begin PBXContainerItemProxy section */
		A119017C2AD06AA500AF6FDD /* PBXContainerItemProxy */ = {
			isa = PBXContainerItemProxy;
			containerPortal = A11901622AD06AA400AF6FDD /* Project object */;
			proxyType = 1;
			remoteGlobalIDString = A11901692AD06AA400AF6FDD;
			remoteInfo = Recipe;
		};
/* End PBXContainerItemProxy section */

/* Begin PBXFileReference section */
		A119016A2AD06AA400AF6FDD /* Recipe.app */ = {isa = PBXFileReference; explicitFileType = wrapper.application; includeInIndex = 0; path = Recipe.app; sourceTree = BUILT_PRODUCTS_DIR; };
		A119016D2AD06AA400AF6FDD /* RecipeApp.swift */ = {isa = PBXFileReference; lastKnownFileType = sourcecode.swift; path = RecipeApp.swift; sourceTree = "<group>"; };
		A119016F2AD06AA400AF6FDD /* ContentView.swift */ = {isa = PBXFileReference; lastKnownFileType = sourcecode.swift; path = ContentView.swift; sourceTree = "<group>"; };
		A11901712AD06AA400AF6FDD /* Assets.xcassets */ = {isa = PBXFileReference; lastKnownFileType = folder.assetcatalog; path = Assets.xcassets; sourceTree = "<group>"; };
		A11901732AD06AA400AF6FDD /* Recipe.entitlements */ = {isa = PBXFileReference; lastKnownFileType = text.plist.entitlements; path = Recipe.entitlements; sourceTree = "<group>"; };
		A11901752AD06AA400AF6FDD /* Preview Assets.xcassets */ = {isa = PBXFileReference; lastKnownFileType = folder.assetcatalog; path = "Preview Assets.xcassets"; sourceTree = "<group>"; };
		A119017B2AD06AA500AF6FDD /* RecipeTests.xctest */ = {isa = PBXFileReference; explicitFileType = wrapper.cfbundle; includeInIndex = 0; path = RecipeTests.xctest; sourceTree = BUILT_PRODUCTS_DIR; };
		A119017F2AD06AA500AF6FDD /* RecipeTests.swift */ = {isa = PBXFileReference; lastKnownFileType = sourcecode.swift; path = RecipeTests.swift; sourceTree = "<group>"; };
		A119019D2AD072C200AF6FDD /* RecipeService.swift */ = {isa = PBXFileReference; lastKnownFileType = sourcecode.swift; path = RecipeService.swift; sourceTree = "<group>"; };
		A119019F2AD0732700AF6FDD /* RecipesModel.swift */ = {isa = PBXFileReference; lastKnownFileType = sourcecode.swift; path = RecipesModel.swift; sourceTree = "<group>"; };
		A11901A22AD0742D00AF6FDD /* EdamamService.swift */ = {isa = PBXFileReference; lastKnownFileType = sourcecode.swift; path = EdamamService.swift; sourceTree = "<group>"; };
		A11901A42AD0760100AF6FDD /* EdamamServiceMock.swift */ = {isa = PBXFileReference; lastKnownFileType = sourcecode.swift; path = EdamamServiceMock.swift; sourceTree = "<group>"; };
		A15CECDF2AD0793B003E9DAD /* EdamamServiceTest.swift */ = {isa = PBXFileReference; lastKnownFileType = sourcecode.swift; path = EdamamServiceTest.swift; sourceTree = "<group>"; };
		A15CECE22AD07D60003E9DAD /* RecipeListView.swift */ = {isa = PBXFileReference; lastKnownFileType = sourcecode.swift; path = RecipeListView.swift; sourceTree = "<group>"; };
		A15CECE42AD07D8C003E9DAD /* RecipeListViewModel.swift */ = {isa = PBXFileReference; lastKnownFileType = sourcecode.swift; path = RecipeListViewModel.swift; sourceTree = "<group>"; };
		A179D01D2AD082A8008F876A /* MockData.json */ = {isa = PBXFileReference; lastKnownFileType = text.json; path = MockData.json; sourceTree = "<group>"; };
		A179D0232AD08959008F876A /* Defaults+Keys.swift */ = {isa = PBXFileReference; lastKnownFileType = sourcecode.swift; path = "Defaults+Keys.swift"; sourceTree = "<group>"; };
		A179D0252AD08D09008F876A /* RecipeCell.swift */ = {isa = PBXFileReference; lastKnownFileType = sourcecode.swift; path = RecipeCell.swift; sourceTree = "<group>"; };
		A179D02E2AD09FBD008F876A /* RecipeModelMock.swift */ = {isa = PBXFileReference; lastKnownFileType = sourcecode.swift; path = RecipeModelMock.swift; sourceTree = "<group>"; };
/* End PBXFileReference section */

/* Begin PBXFrameworksBuildPhase section */
		A11901672AD06AA400AF6FDD /* Frameworks */ = {
			isa = PBXFrameworksBuildPhase;
			buildActionMask = 2147483647;
			files = (
				A179D0292AD08DC3008F876A /* Kingfisher in Frameworks */,
				A179D0212AD0890F008F876A /* Defaults in Frameworks */,
				A179D02D2AD093D4008F876A /* netfox in Frameworks */,
			);
			runOnlyForDeploymentPostprocessing = 0;
		};
		A11901782AD06AA500AF6FDD /* Frameworks */ = {
			isa = PBXFrameworksBuildPhase;
			buildActionMask = 2147483647;
			files = (
			);
			runOnlyForDeploymentPostprocessing = 0;
		};
/* End PBXFrameworksBuildPhase section */

/* Begin PBXGroup section */
		A11901612AD06AA300AF6FDD = {
			isa = PBXGroup;
			children = (
				A119016C2AD06AA400AF6FDD /* Recipe */,
				A119017E2AD06AA500AF6FDD /* RecipeTests */,
				A119016B2AD06AA400AF6FDD /* Products */,
			);
			sourceTree = "<group>";
		};
		A119016B2AD06AA400AF6FDD /* Products */ = {
			isa = PBXGroup;
			children = (
				A119016A2AD06AA400AF6FDD /* Recipe.app */,
				A119017B2AD06AA500AF6FDD /* RecipeTests.xctest */,
			);
			name = Products;
			sourceTree = "<group>";
		};
		A119016C2AD06AA400AF6FDD /* Recipe */ = {
			isa = PBXGroup;
			children = (
				A119016D2AD06AA400AF6FDD /* RecipeApp.swift */,
				A119016F2AD06AA400AF6FDD /* ContentView.swift */,
				A11901982AD071F900AF6FDD /* RecipeList */,
				A11901A12AD073F000AF6FDD /* Edamam API */,
				A179D0222AD08943008F876A /* Defaults */,
				A11901712AD06AA400AF6FDD /* Assets.xcassets */,
				A11901732AD06AA400AF6FDD /* Recipe.entitlements */,
				A11901742AD06AA400AF6FDD /* Preview Content */,
			);
			path = Recipe;
			sourceTree = "<group>";
		};
		A11901742AD06AA400AF6FDD /* Preview Content */ = {
			isa = PBXGroup;
			children = (
				A11901752AD06AA400AF6FDD /* Preview Assets.xcassets */,
			);
			path = "Preview Content";
			sourceTree = "<group>";
		};
		A119017E2AD06AA500AF6FDD /* RecipeTests */ = {
			isa = PBXGroup;
			children = (
				A119017F2AD06AA500AF6FDD /* RecipeTests.swift */,
				A15CECDF2AD0793B003E9DAD /* EdamamServiceTest.swift */,
			);
			path = RecipeTests;
			sourceTree = "<group>";
		};
		A11901982AD071F900AF6FDD /* RecipeList */ = {
			isa = PBXGroup;
			children = (
				A11901992AD0721B00AF6FDD /* Model */,
				A119019A2AD0722600AF6FDD /* View */,
				A119019B2AD0722E00AF6FDD /* ViewModel */,
				A119019C2AD0723A00AF6FDD /* Service */,
			);
			path = RecipeList;
			sourceTree = "<group>";
		};
		A11901992AD0721B00AF6FDD /* Model */ = {
			isa = PBXGroup;
			children = (
				A119019F2AD0732700AF6FDD /* RecipesModel.swift */,
				A179D02E2AD09FBD008F876A /* RecipeModelMock.swift */,
			);
			path = Model;
			sourceTree = "<group>";
		};
		A119019A2AD0722600AF6FDD /* View */ = {
			isa = PBXGroup;
			children = (
				A15CECE22AD07D60003E9DAD /* RecipeListView.swift */,
				A179D0252AD08D09008F876A /* RecipeCell.swift */,
			);
			path = View;
			sourceTree = "<group>";
		};
		A119019B2AD0722E00AF6FDD /* ViewModel */ = {
			isa = PBXGroup;
			children = (
				A15CECE42AD07D8C003E9DAD /* RecipeListViewModel.swift */,
			);
			path = ViewModel;
			sourceTree = "<group>";
		};
		A119019C2AD0723A00AF6FDD /* Service */ = {
			isa = PBXGroup;
			children = (
				A119019D2AD072C200AF6FDD /* RecipeService.swift */,
			);
			path = Service;
			sourceTree = "<group>";
		};
		A11901A12AD073F000AF6FDD /* Edamam API */ = {
			isa = PBXGroup;
			children = (
				A11901A22AD0742D00AF6FDD /* EdamamService.swift */,
				A11901A42AD0760100AF6FDD /* EdamamServiceMock.swift */,
				A179D01D2AD082A8008F876A /* MockData.json */,
			);
			path = "Edamam API";
			sourceTree = "<group>";
		};
		A179D0222AD08943008F876A /* Defaults */ = {
			isa = PBXGroup;
			children = (
				A179D0232AD08959008F876A /* Defaults+Keys.swift */,
			);
			path = Defaults;
			sourceTree = "<group>";
		};
/* End PBXGroup section */

/* Begin PBXNativeTarget section */
		A11901692AD06AA400AF6FDD /* Recipe */ = {
			isa = PBXNativeTarget;
			buildConfigurationList = A119018F2AD06AA500AF6FDD /* Build configuration list for PBXNativeTarget "Recipe" */;
			buildPhases = (
				A11901662AD06AA400AF6FDD /* Sources */,
				A11901672AD06AA400AF6FDD /* Frameworks */,
				A11901682AD06AA400AF6FDD /* Resources */,
			);
			buildRules = (
			);
			dependencies = (
			);
			name = Recipe;
			packageProductDependencies = (
				A179D0202AD0890F008F876A /* Defaults */,
				A179D0282AD08DC3008F876A /* Kingfisher */,
				A179D02C2AD093D4008F876A /* netfox */,
			);
			productName = Recipe;
			productReference = A119016A2AD06AA400AF6FDD /* Recipe.app */;
			productType = "com.apple.product-type.application";
		};
		A119017A2AD06AA500AF6FDD /* RecipeTests */ = {
			isa = PBXNativeTarget;
			buildConfigurationList = A11901922AD06AA500AF6FDD /* Build configuration list for PBXNativeTarget "RecipeTests" */;
			buildPhases = (
				A11901772AD06AA500AF6FDD /* Sources */,
				A11901782AD06AA500AF6FDD /* Frameworks */,
				A11901792AD06AA500AF6FDD /* Resources */,
			);
			buildRules = (
			);
			dependencies = (
				A119017D2AD06AA500AF6FDD /* PBXTargetDependency */,
			);
			name = RecipeTests;
			productName = RecipeTests;
			productReference = A119017B2AD06AA500AF6FDD /* RecipeTests.xctest */;
			productType = "com.apple.product-type.bundle.unit-test";
		};
/* End PBXNativeTarget section */

/* Begin PBXProject section */
		A11901622AD06AA400AF6FDD /* Project object */ = {
			isa = PBXProject;
			attributes = {
				BuildIndependentTargetsInParallel = 1;
				LastSwiftUpdateCheck = 1430;
				LastUpgradeCheck = 1430;
				TargetAttributes = {
					A11901692AD06AA400AF6FDD = {
						CreatedOnToolsVersion = 14.3.1;
					};
					A119017A2AD06AA500AF6FDD = {
						CreatedOnToolsVersion = 14.3.1;
						LastSwiftMigration = 1430;
						TestTargetID = A11901692AD06AA400AF6FDD;
					};
				};
			};
			buildConfigurationList = A11901652AD06AA400AF6FDD /* Build configuration list for PBXProject "Recipe" */;
			compatibilityVersion = "Xcode 14.0";
			developmentRegion = en;
			hasScannedForEncodings = 0;
			knownRegions = (
				en,
				Base,
			);
			mainGroup = A11901612AD06AA300AF6FDD;
			packageReferences = (
				A179D01F2AD0890F008F876A /* XCRemoteSwiftPackageReference "Defaults" */,
				A179D0272AD08DC3008F876A /* XCRemoteSwiftPackageReference "Kingfisher" */,
				A179D02B2AD093D4008F876A /* XCRemoteSwiftPackageReference "netfox" */,
			);
			productRefGroup = A119016B2AD06AA400AF6FDD /* Products */;
			projectDirPath = "";
			projectRoot = "";
			targets = (
				A11901692AD06AA400AF6FDD /* Recipe */,
				A119017A2AD06AA500AF6FDD /* RecipeTests */,
			);
		};
/* End PBXProject section */

/* Begin PBXResourcesBuildPhase section */
		A11901682AD06AA400AF6FDD /* Resources */ = {
			isa = PBXResourcesBuildPhase;
			buildActionMask = 2147483647;
			files = (
				A11901762AD06AA400AF6FDD /* Preview Assets.xcassets in Resources */,
				A179D01E2AD082A8008F876A /* MockData.json in Resources */,
				A11901722AD06AA400AF6FDD /* Assets.xcassets in Resources */,
			);
			runOnlyForDeploymentPostprocessing = 0;
		};
		A11901792AD06AA500AF6FDD /* Resources */ = {
			isa = PBXResourcesBuildPhase;
			buildActionMask = 2147483647;
			files = (
			);
			runOnlyForDeploymentPostprocessing = 0;
		};
/* End PBXResourcesBuildPhase section */

/* Begin PBXSourcesBuildPhase section */
		A11901662AD06AA400AF6FDD /* Sources */ = {
			isa = PBXSourcesBuildPhase;
			buildActionMask = 2147483647;
			files = (
				A11901A52AD0760100AF6FDD /* EdamamServiceMock.swift in Sources */,
				A11901702AD06AA400AF6FDD /* ContentView.swift in Sources */,
				A11901A32AD0742D00AF6FDD /* EdamamService.swift in Sources */,
				A179D0242AD08959008F876A /* Defaults+Keys.swift in Sources */,
				A179D02F2AD09FBD008F876A /* RecipeModelMock.swift in Sources */,
				A11901A02AD0732700AF6FDD /* RecipesModel.swift in Sources */,
				A179D0262AD08D09008F876A /* RecipeCell.swift in Sources */,
				A119019E2AD072C200AF6FDD /* RecipeService.swift in Sources */,
				A15CECE32AD07D60003E9DAD /* RecipeListView.swift in Sources */,
				A119016E2AD06AA400AF6FDD /* RecipeApp.swift in Sources */,
				A15CECE52AD07D8C003E9DAD /* RecipeListViewModel.swift in Sources */,
			);
			runOnlyForDeploymentPostprocessing = 0;
		};
		A11901772AD06AA500AF6FDD /* Sources */ = {
			isa = PBXSourcesBuildPhase;
			buildActionMask = 2147483647;
			files = (
				A15CECE02AD0793B003E9DAD /* EdamamServiceTest.swift in Sources */,
				A11901802AD06AA500AF6FDD /* RecipeTests.swift in Sources */,
			);
			runOnlyForDeploymentPostprocessing = 0;
		};
/* End PBXSourcesBuildPhase section */

/* Begin PBXTargetDependency section */
		A119017D2AD06AA500AF6FDD /* PBXTargetDependency */ = {
			isa = PBXTargetDependency;
			target = A11901692AD06AA400AF6FDD /* Recipe */;
			targetProxy = A119017C2AD06AA500AF6FDD /* PBXContainerItemProxy */;
		};
/* End PBXTargetDependency section */

/* Begin XCBuildConfiguration section */
		A119018D2AD06AA500AF6FDD /* Debug */ = {
			isa = XCBuildConfiguration;
			buildSettings = {
				ALWAYS_SEARCH_USER_PATHS = NO;
				CLANG_ANALYZER_NONNULL = YES;
				CLANG_ANALYZER_NUMBER_OBJECT_CONVERSION = YES_AGGRESSIVE;
				CLANG_CXX_LANGUAGE_STANDARD = "gnu++20";
				CLANG_ENABLE_MODULES = YES;
				CLANG_ENABLE_OBJC_ARC = YES;
				CLANG_ENABLE_OBJC_WEAK = YES;
				CLANG_WARN_BLOCK_CAPTURE_AUTORELEASING = YES;
				CLANG_WARN_BOOL_CONVERSION = YES;
				CLANG_WARN_COMMA = YES;
				CLANG_WARN_CONSTANT_CONVERSION = YES;
				CLANG_WARN_DEPRECATED_OBJC_IMPLEMENTATIONS = YES;
				CLANG_WARN_DIRECT_OBJC_ISA_USAGE = YES_ERROR;
				CLANG_WARN_DOCUMENTATION_COMMENTS = YES;
				CLANG_WARN_EMPTY_BODY = YES;
				CLANG_WARN_ENUM_CONVERSION = YES;
				CLANG_WARN_INFINITE_RECURSION = YES;
				CLANG_WARN_INT_CONVERSION = YES;
				CLANG_WARN_NON_LITERAL_NULL_CONVERSION = YES;
				CLANG_WARN_OBJC_IMPLICIT_RETAIN_SELF = YES;
				CLANG_WARN_OBJC_LITERAL_CONVERSION = YES;
				CLANG_WARN_OBJC_ROOT_CLASS = YES_ERROR;
				CLANG_WARN_QUOTED_INCLUDE_IN_FRAMEWORK_HEADER = YES;
				CLANG_WARN_RANGE_LOOP_ANALYSIS = YES;
				CLANG_WARN_STRICT_PROTOTYPES = YES;
				CLANG_WARN_SUSPICIOUS_MOVE = YES;
				CLANG_WARN_UNGUARDED_AVAILABILITY = YES_AGGRESSIVE;
				CLANG_WARN_UNREACHABLE_CODE = YES;
				CLANG_WARN__DUPLICATE_METHOD_MATCH = YES;
				COPY_PHASE_STRIP = NO;
				DEBUG_INFORMATION_FORMAT = dwarf;
				ENABLE_STRICT_OBJC_MSGSEND = YES;
				ENABLE_TESTABILITY = YES;
				GCC_C_LANGUAGE_STANDARD = gnu11;
				GCC_DYNAMIC_NO_PIC = NO;
				GCC_NO_COMMON_BLOCKS = YES;
				GCC_OPTIMIZATION_LEVEL = 0;
				GCC_PREPROCESSOR_DEFINITIONS = (
					"DEBUG=1",
					"$(inherited)",
				);
				GCC_WARN_64_TO_32_BIT_CONVERSION = YES;
				GCC_WARN_ABOUT_RETURN_TYPE = YES_ERROR;
				GCC_WARN_UNDECLARED_SELECTOR = YES;
				GCC_WARN_UNINITIALIZED_AUTOS = YES_AGGRESSIVE;
				GCC_WARN_UNUSED_FUNCTION = YES;
				GCC_WARN_UNUSED_VARIABLE = YES;
				IPHONEOS_DEPLOYMENT_TARGET = 16.0;
				MTL_ENABLE_DEBUG_INFO = INCLUDE_SOURCE;
				MTL_FAST_MATH = YES;
				ONLY_ACTIVE_ARCH = YES;
				SWIFT_ACTIVE_COMPILATION_CONDITIONS = DEBUG;
				SWIFT_OPTIMIZATION_LEVEL = "-Onone";
			};
			name = Debug;
		};
		A119018E2AD06AA500AF6FDD /* Release */ = {
			isa = XCBuildConfiguration;
			buildSettings = {
				ALWAYS_SEARCH_USER_PATHS = NO;
				CLANG_ANALYZER_NONNULL = YES;
				CLANG_ANALYZER_NUMBER_OBJECT_CONVERSION = YES_AGGRESSIVE;
				CLANG_CXX_LANGUAGE_STANDARD = "gnu++20";
				CLANG_ENABLE_MODULES = YES;
				CLANG_ENABLE_OBJC_ARC = YES;
				CLANG_ENABLE_OBJC_WEAK = YES;
				CLANG_WARN_BLOCK_CAPTURE_AUTORELEASING = YES;
				CLANG_WARN_BOOL_CONVERSION = YES;
				CLANG_WARN_COMMA = YES;
				CLANG_WARN_CONSTANT_CONVERSION = YES;
				CLANG_WARN_DEPRECATED_OBJC_IMPLEMENTATIONS = YES;
				CLANG_WARN_DIRECT_OBJC_ISA_USAGE = YES_ERROR;
				CLANG_WARN_DOCUMENTATION_COMMENTS = YES;
				CLANG_WARN_EMPTY_BODY = YES;
				CLANG_WARN_ENUM_CONVERSION = YES;
				CLANG_WARN_INFINITE_RECURSION = YES;
				CLANG_WARN_INT_CONVERSION = YES;
				CLANG_WARN_NON_LITERAL_NULL_CONVERSION = YES;
				CLANG_WARN_OBJC_IMPLICIT_RETAIN_SELF = YES;
				CLANG_WARN_OBJC_LITERAL_CONVERSION = YES;
				CLANG_WARN_OBJC_ROOT_CLASS = YES_ERROR;
				CLANG_WARN_QUOTED_INCLUDE_IN_FRAMEWORK_HEADER = YES;
				CLANG_WARN_RANGE_LOOP_ANALYSIS = YES;
				CLANG_WARN_STRICT_PROTOTYPES = YES;
				CLANG_WARN_SUSPICIOUS_MOVE = YES;
				CLANG_WARN_UNGUARDED_AVAILABILITY = YES_AGGRESSIVE;
				CLANG_WARN_UNREACHABLE_CODE = YES;
				CLANG_WARN__DUPLICATE_METHOD_MATCH = YES;
				COPY_PHASE_STRIP = NO;
				DEBUG_INFORMATION_FORMAT = "dwarf-with-dsym";
				ENABLE_NS_ASSERTIONS = NO;
				ENABLE_STRICT_OBJC_MSGSEND = YES;
				GCC_C_LANGUAGE_STANDARD = gnu11;
				GCC_NO_COMMON_BLOCKS = YES;
				GCC_WARN_64_TO_32_BIT_CONVERSION = YES;
				GCC_WARN_ABOUT_RETURN_TYPE = YES_ERROR;
				GCC_WARN_UNDECLARED_SELECTOR = YES;
				GCC_WARN_UNINITIALIZED_AUTOS = YES_AGGRESSIVE;
				GCC_WARN_UNUSED_FUNCTION = YES;
				GCC_WARN_UNUSED_VARIABLE = YES;
				IPHONEOS_DEPLOYMENT_TARGET = 16.0;
				MTL_ENABLE_DEBUG_INFO = NO;
				MTL_FAST_MATH = YES;
				SWIFT_COMPILATION_MODE = wholemodule;
				SWIFT_OPTIMIZATION_LEVEL = "-O";
			};
			name = Release;
		};
		A11901902AD06AA500AF6FDD /* Debug */ = {
			isa = XCBuildConfiguration;
			buildSettings = {
				ASSETCATALOG_COMPILER_APPICON_NAME = AppIcon;
				ASSETCATALOG_COMPILER_GLOBAL_ACCENT_COLOR_NAME = AccentColor;
				CODE_SIGN_ENTITLEMENTS = Recipe/Recipe.entitlements;
				CODE_SIGN_STYLE = Automatic;
				CURRENT_PROJECT_VERSION = 1;
				DEVELOPMENT_ASSET_PATHS = "\"Recipe/Preview Content\"";
				DEVELOPMENT_TEAM = K76XQHSPRP;
				ENABLE_HARDENED_RUNTIME = YES;
				ENABLE_PREVIEWS = YES;
				GENERATE_INFOPLIST_FILE = YES;
				INFOPLIST_KEY_LSApplicationCategoryType = "public.app-category.food-and-drink";
				"INFOPLIST_KEY_UIApplicationSceneManifest_Generation[sdk=iphoneos*]" = YES;
				"INFOPLIST_KEY_UIApplicationSceneManifest_Generation[sdk=iphonesimulator*]" = YES;
				"INFOPLIST_KEY_UIApplicationSupportsIndirectInputEvents[sdk=iphoneos*]" = YES;
				"INFOPLIST_KEY_UIApplicationSupportsIndirectInputEvents[sdk=iphonesimulator*]" = YES;
				"INFOPLIST_KEY_UILaunchScreen_Generation[sdk=iphoneos*]" = YES;
				"INFOPLIST_KEY_UILaunchScreen_Generation[sdk=iphonesimulator*]" = YES;
				"INFOPLIST_KEY_UIStatusBarStyle[sdk=iphoneos*]" = UIStatusBarStyleDefault;
				"INFOPLIST_KEY_UIStatusBarStyle[sdk=iphonesimulator*]" = UIStatusBarStyleDefault;
				INFOPLIST_KEY_UISupportedInterfaceOrientations = UIInterfaceOrientationPortrait;
				IPHONEOS_DEPLOYMENT_TARGET = 16.0;
				LD_RUNPATH_SEARCH_PATHS = "@executable_path/Frameworks";
				"LD_RUNPATH_SEARCH_PATHS[sdk=macosx*]" = "@executable_path/../Frameworks";
				MACOSX_DEPLOYMENT_TARGET = 13.3;
				MARKETING_VERSION = 1.0;
				PRODUCT_BUNDLE_IDENTIFIER = gerwin.lukman.Recipe;
				PRODUCT_NAME = "$(TARGET_NAME)";
				SDKROOT = auto;
				SUPPORTED_PLATFORMS = "iphoneos iphonesimulator";
				SUPPORTS_MACCATALYST = NO;
				SUPPORTS_MAC_DESIGNED_FOR_IPHONE_IPAD = NO;
				SWIFT_EMIT_LOC_STRINGS = YES;
				SWIFT_VERSION = 5.0;
				TARGETED_DEVICE_FAMILY = 1;
			};
			name = Debug;
		};
		A11901912AD06AA500AF6FDD /* Release */ = {
			isa = XCBuildConfiguration;
			buildSettings = {
				ASSETCATALOG_COMPILER_APPICON_NAME = AppIcon;
				ASSETCATALOG_COMPILER_GLOBAL_ACCENT_COLOR_NAME = AccentColor;
				CODE_SIGN_ENTITLEMENTS = Recipe/Recipe.entitlements;
				CODE_SIGN_STYLE = Automatic;
				CURRENT_PROJECT_VERSION = 1;
				DEVELOPMENT_ASSET_PATHS = "\"Recipe/Preview Content\"";
				DEVELOPMENT_TEAM = K76XQHSPRP;
				ENABLE_HARDENED_RUNTIME = YES;
				ENABLE_PREVIEWS = YES;
				GENERATE_INFOPLIST_FILE = YES;
				INFOPLIST_KEY_LSApplicationCategoryType = "public.app-category.food-and-drink";
				"INFOPLIST_KEY_UIApplicationSceneManifest_Generation[sdk=iphoneos*]" = YES;
				"INFOPLIST_KEY_UIApplicationSceneManifest_Generation[sdk=iphonesimulator*]" = YES;
				"INFOPLIST_KEY_UIApplicationSupportsIndirectInputEvents[sdk=iphoneos*]" = YES;
				"INFOPLIST_KEY_UIApplicationSupportsIndirectInputEvents[sdk=iphonesimulator*]" = YES;
				"INFOPLIST_KEY_UILaunchScreen_Generation[sdk=iphoneos*]" = YES;
				"INFOPLIST_KEY_UILaunchScreen_Generation[sdk=iphonesimulator*]" = YES;
				"INFOPLIST_KEY_UIStatusBarStyle[sdk=iphoneos*]" = UIStatusBarStyleDefault;
				"INFOPLIST_KEY_UIStatusBarStyle[sdk=iphonesimulator*]" = UIStatusBarStyleDefault;
				INFOPLIST_KEY_UISupportedInterfaceOrientations = UIInterfaceOrientationPortrait;
				IPHONEOS_DEPLOYMENT_TARGET = 16.0;
				LD_RUNPATH_SEARCH_PATHS = "@executable_path/Frameworks";
				"LD_RUNPATH_SEARCH_PATHS[sdk=macosx*]" = "@executable_path/../Frameworks";
				MACOSX_DEPLOYMENT_TARGET = 13.3;
				MARKETING_VERSION = 1.0;
				PRODUCT_BUNDLE_IDENTIFIER = gerwin.lukman.Recipe;
				PRODUCT_NAME = "$(TARGET_NAME)";
				SDKROOT = auto;
				SUPPORTED_PLATFORMS = "iphoneos iphonesimulator";
				SUPPORTS_MACCATALYST = NO;
				SUPPORTS_MAC_DESIGNED_FOR_IPHONE_IPAD = NO;
				SWIFT_EMIT_LOC_STRINGS = YES;
				SWIFT_VERSION = 5.0;
				TARGETED_DEVICE_FAMILY = 1;
			};
			name = Release;
		};
		A11901932AD06AA500AF6FDD /* Debug */ = {
			isa = XCBuildConfiguration;
			buildSettings = {
				ALWAYS_EMBED_SWIFT_STANDARD_LIBRARIES = YES;
				BUNDLE_LOADER = "$(TEST_HOST)";
				CLANG_ENABLE_MODULES = YES;
				CODE_SIGN_STYLE = Automatic;
				CURRENT_PROJECT_VERSION = 1;
				DEVELOPMENT_TEAM = K76XQHSPRP;
				GENERATE_INFOPLIST_FILE = YES;
				IPHONEOS_DEPLOYMENT_TARGET = 16.0;
				MACOSX_DEPLOYMENT_TARGET = 13.3;
				MARKETING_VERSION = 1.0;
				PRODUCT_BUNDLE_IDENTIFIER = gerwin.lukman.RecipeTests;
				PRODUCT_NAME = "$(TARGET_NAME)";
				SDKROOT = auto;
				SUPPORTED_PLATFORMS = "iphoneos iphonesimulator macosx";
				SWIFT_EMIT_LOC_STRINGS = NO;
				SWIFT_OPTIMIZATION_LEVEL = "-Onone";
				SWIFT_VERSION = 5.0;
				TARGETED_DEVICE_FAMILY = "1,2";
				TEST_HOST = "$(BUILT_PRODUCTS_DIR)/Recipe.app/$(BUNDLE_EXECUTABLE_FOLDER_PATH)/Recipe";
			};
			name = Debug;
		};
		A11901942AD06AA500AF6FDD /* Release */ = {
			isa = XCBuildConfiguration;
			buildSettings = {
				ALWAYS_EMBED_SWIFT_STANDARD_LIBRARIES = YES;
				BUNDLE_LOADER = "$(TEST_HOST)";
				CLANG_ENABLE_MODULES = YES;
				CODE_SIGN_STYLE = Automatic;
				CURRENT_PROJECT_VERSION = 1;
				DEVELOPMENT_TEAM = K76XQHSPRP;
				GENERATE_INFOPLIST_FILE = YES;
				IPHONEOS_DEPLOYMENT_TARGET = 16.0;
				MACOSX_DEPLOYMENT_TARGET = 13.3;
				MARKETING_VERSION = 1.0;
				PRODUCT_BUNDLE_IDENTIFIER = gerwin.lukman.RecipeTests;
				PRODUCT_NAME = "$(TARGET_NAME)";
				SDKROOT = auto;
				SUPPORTED_PLATFORMS = "iphoneos iphonesimulator macosx";
				SWIFT_EMIT_LOC_STRINGS = NO;
				SWIFT_VERSION = 5.0;
				TARGETED_DEVICE_FAMILY = "1,2";
				TEST_HOST = "$(BUILT_PRODUCTS_DIR)/Recipe.app/$(BUNDLE_EXECUTABLE_FOLDER_PATH)/Recipe";
			};
			name = Release;
		};
/* End XCBuildConfiguration section */

/* Begin XCConfigurationList section */
		A11901652AD06AA400AF6FDD /* Build configuration list for PBXProject "Recipe" */ = {
			isa = XCConfigurationList;
			buildConfigurations = (
				A119018D2AD06AA500AF6FDD /* Debug */,
				A119018E2AD06AA500AF6FDD /* Release */,
			);
			defaultConfigurationIsVisible = 0;
			defaultConfigurationName = Release;
		};
		A119018F2AD06AA500AF6FDD /* Build configuration list for PBXNativeTarget "Recipe" */ = {
			isa = XCConfigurationList;
			buildConfigurations = (
				A11901902AD06AA500AF6FDD /* Debug */,
				A11901912AD06AA500AF6FDD /* Release */,
			);
			defaultConfigurationIsVisible = 0;
			defaultConfigurationName = Release;
		};
		A11901922AD06AA500AF6FDD /* Build configuration list for PBXNativeTarget "RecipeTests" */ = {
			isa = XCConfigurationList;
			buildConfigurations = (
				A11901932AD06AA500AF6FDD /* Debug */,
				A11901942AD06AA500AF6FDD /* Release */,
			);
			defaultConfigurationIsVisible = 0;
			defaultConfigurationName = Release;
		};
/* End XCConfigurationList section */

/* Begin XCRemoteSwiftPackageReference section */
		A179D01F2AD0890F008F876A /* XCRemoteSwiftPackageReference "Defaults" */ = {
			isa = XCRemoteSwiftPackageReference;
			repositoryURL = "https://github.com/sindresorhus/Defaults";
			requirement = {
				kind = exactVersion;
				version = 7.3.1;
			};
		};
		A179D0272AD08DC3008F876A /* XCRemoteSwiftPackageReference "Kingfisher" */ = {
			isa = XCRemoteSwiftPackageReference;
			repositoryURL = "https://github.com/onevcat/Kingfisher";
			requirement = {
				kind = upToNextMajorVersion;
				minimumVersion = 7.0.0;
			};
		};
		A179D02B2AD093D4008F876A /* XCRemoteSwiftPackageReference "netfox" */ = {
			isa = XCRemoteSwiftPackageReference;
			repositoryURL = "https://github.com/kasketis/netfox";
			requirement = {
				kind = upToNextMajorVersion;
				minimumVersion = 1.0.0;
			};
		};
/* End XCRemoteSwiftPackageReference section */

/* Begin XCSwiftPackageProductDependency section */
		A179D0202AD0890F008F876A /* Defaults */ = {
			isa = XCSwiftPackageProductDependency;
			package = A179D01F2AD0890F008F876A /* XCRemoteSwiftPackageReference "Defaults" */;
			productName = Defaults;
		};
		A179D0282AD08DC3008F876A /* Kingfisher */ = {
			isa = XCSwiftPackageProductDependency;
			package = A179D0272AD08DC3008F876A /* XCRemoteSwiftPackageReference "Kingfisher" */;
			productName = Kingfisher;
		};
		A179D02C2AD093D4008F876A /* netfox */ = {
			isa = XCSwiftPackageProductDependency;
			package = A179D02B2AD093D4008F876A /* XCRemoteSwiftPackageReference "netfox" */;
			productName = netfox;
		};
/* End XCSwiftPackageProductDependency section */
	};
	rootObject = A11901622AD06AA400AF6FDD /* Project object */;
}
